<?xml version="1.0" encoding="utf-8"?>
<Project ToolsVersion="4.0" xmlns="http://schemas.microsoft.com/developer/msbuild/2003">
  <ItemGroup>
    <Filter Include="Source Files">
      <UniqueIdentifier>{4FC737F1-C7A5-4376-A066-2A32D752A2FF}</UniqueIdentifier>
      <Extensions>cpp;c;cc;cxx;c++;cppm;ixx;def;odl;idl;hpj;bat;asm;asmx</Extensions>
    </Filter>
    <Filter Include="Header Files">
      <UniqueIdentifier>{93995380-89BD-4b04-88EB-625FBE52EBFB}</UniqueIdentifier>
      <Extensions>h;hh;hpp;hxx;h++;hm;inl;inc;ipp;xsd</Extensions>
    </Filter>
    <Filter Include="Resource Files">
      <UniqueIdentifier>{67DA6AB6-F800-4c08-8B7A-83BB121AAD01}</UniqueIdentifier>
      <Extensions>rc;ico;cur;bmp;dlg;rc2;rct;bin;rgs;gif;jpg;jpeg;jpe;resx;tiff;tif;png;wav;mfcribbon-ms</Extensions>
    </Filter>
    <Filter Include="Header Files\Vulkan">
      <UniqueIdentifier>{39f5c2dc-c51b-47dc-9267-a364bd88cd77}</UniqueIdentifier>
    </Filter>
    <Filter Include="Source Files\Vulkan">
      <UniqueIdentifier>{bcfce304-5e1a-480d-bc93-97d6e60424cb}</UniqueIdentifier>
    </Filter>
    <Filter Include="imgui">
      <UniqueIdentifier>{d2fa436e-52e9-43fd-ab4e-9ab6568fd96d}</UniqueIdentifier>
    </Filter>
    <Filter Include="Header Files\Vulkan\Textures">
      <UniqueIdentifier>{55bee49f-fd19-4b4e-b524-bbb4f6412d8d}</UniqueIdentifier>
    </Filter>
    <Filter Include="Header Files\Vulkan\RenderPass">
      <UniqueIdentifier>{935a8b38-5335-4832-8ef1-60bc77b9fe63}</UniqueIdentifier>
    </Filter>
    <Filter Include="Header Files\Vulkan\Core">
      <UniqueIdentifier>{91614422-4697-4ed8-8a2a-39ed2db7fa45}</UniqueIdentifier>
    </Filter>
    <Filter Include="Header Files\Vulkan\Pipeline">
      <UniqueIdentifier>{6d1342a7-fc63-4e6f-8cc3-bcd5cb2459f7}</UniqueIdentifier>
    </Filter>
    <Filter Include="Header Files\Vulkan\Descriptors">
      <UniqueIdentifier>{84ae0058-8fe4-49ab-b29b-c62103c2a0e4}</UniqueIdentifier>
    </Filter>
    <Filter Include="Header Files\Vulkan\Buffer">
      <UniqueIdentifier>{50f85554-b4ba-486a-9cb4-4ff2068cbdb1}</UniqueIdentifier>
    </Filter>
    <Filter Include="Header Files\Vulkan\SwapChain">
      <UniqueIdentifier>{785bc715-91f9-4be9-8a8b-5f4d1bbefdcf}</UniqueIdentifier>
    </Filter>
    <Filter Include="Header Files\Vulkan\Shader">
      <UniqueIdentifier>{8305744d-d0be-41b5-bb4f-e49fba61378c}</UniqueIdentifier>
    </Filter>
    <Filter Include="Source Files\Vulkan\Core">
      <UniqueIdentifier>{09d5959c-a25c-4c7a-b7be-e8a2af0229aa}</UniqueIdentifier>
    </Filter>
    <Filter Include="Source Files\Vulkan\Buffer">
      <UniqueIdentifier>{5140b44b-7af5-4065-aabe-e77100bbaff6}</UniqueIdentifier>
    </Filter>
    <Filter Include="Source Files\Vulkan\RenderPass">
      <UniqueIdentifier>{a5b8a0d9-2837-4936-b67c-3e14cd06293a}</UniqueIdentifier>
    </Filter>
    <Filter Include="Source Files\Vulkan\SwapChain">
      <UniqueIdentifier>{3e0fa448-5754-43c6-a014-f19ca852f6f9}</UniqueIdentifier>
    </Filter>
    <Filter Include="Source Files\Vulkan\Pipeline">
      <UniqueIdentifier>{964e9ac9-17a1-4a8e-877f-64b9bf162cf0}</UniqueIdentifier>
    </Filter>
    <Filter Include="Source Files\Vulkan\Descriptors">
      <UniqueIdentifier>{4cf00996-220b-4504-9f6c-174f1912cef5}</UniqueIdentifier>
    </Filter>
    <Filter Include="Source Files\Vulkan\Texture">
      <UniqueIdentifier>{d48df0b4-184e-4140-9837-ca3627e483b5}</UniqueIdentifier>
    </Filter>
    <Filter Include="Source Files\Vulkan\Shader">
      <UniqueIdentifier>{95af11ce-9d9c-4d30-ac6e-01a735d426f9}</UniqueIdentifier>
    </Filter>
    <Filter Include="Source Files\Vulkan\RayTracing">
      <UniqueIdentifier>{8711dfaf-a0e0-46e1-ba5d-255505abf1bf}</UniqueIdentifier>
    </Filter>
    <Filter Include="Header Files\Vulkan\RayTracing">
      <UniqueIdentifier>{ceebe8ae-d64c-4522-a69d-38c09f64764f}</UniqueIdentifier>
    </Filter>
  </ItemGroup>
  <ItemGroup>
    <ClCompile Include="main.cpp">
      <Filter>Source Files</Filter>
    </ClCompile>
    <ClCompile Include="Mesh.cpp">
      <Filter>Source Files</Filter>
    </ClCompile>
    <ClCompile Include="Camera.cpp">
      <Filter>Source Files</Filter>
    </ClCompile>
    <ClCompile Include="GameObject.cpp">
      <Filter>Source Files</Filter>
    </ClCompile>
    <ClCompile Include="Resources.cpp">
      <Filter>Source Files</Filter>
    </ClCompile>
    <ClCompile Include="ShadowMap.cpp">
      <Filter>Source Files</Filter>
    </ClCompile>
    <ClCompile Include="DebugLogger.cpp">
      <Filter>Source Files</Filter>
    </ClCompile>
    <ClCompile Include="Window.cpp">
      <Filter>Source Files</Filter>
    </ClCompile>
    <ClCompile Include="RasterRenderer.cpp">
      <Filter>Source Files</Filter>
    </ClCompile>
    <ClCompile Include="ImGUI_.cpp">
      <Filter>imgui</Filter>
    </ClCompile>
    <ClCompile Include="ImGUIWidgets.cpp">
      <Filter>imgui</Filter>
    </ClCompile>
    <ClCompile Include="HybridEngine.cpp">
      <Filter>Source Files</Filter>
    </ClCompile>
    <ClCompile Include="Buffer.cpp">
      <Filter>Source Files\Vulkan\Buffer</Filter>
    </ClCompile>
    <ClCompile Include="ColourRenderPass.cpp">
      <Filter>Source Files\Vulkan\RenderPass</Filter>
    </ClCompile>
    <ClCompile Include="DepthRenderPass.cpp">
      <Filter>Source Files\Vulkan\RenderPass</Filter>
    </ClCompile>
    <ClCompile Include="RenderPass.cpp">
      <Filter>Source Files\Vulkan\RenderPass</Filter>
    </ClCompile>
    <ClCompile Include="SwapChain.cpp">
      <Filter>Source Files\Vulkan\SwapChain</Filter>
    </ClCompile>
    <ClCompile Include="Pipeline.cpp">
      <Filter>Source Files\Vulkan\Pipeline</Filter>
    </ClCompile>
    <ClCompile Include="DescriptorPool.cpp">
      <Filter>Source Files\Vulkan\Descriptors</Filter>
    </ClCompile>
    <ClCompile Include="DescriptorSetLayout.cpp">
      <Filter>Source Files\Vulkan\Descriptors</Filter>
    </ClCompile>
    <ClCompile Include="DescriptorSetManager.cpp">
      <Filter>Source Files\Vulkan\Descriptors</Filter>
    </ClCompile>
    <ClCompile Include="Allocator.cpp">
      <Filter>Source Files\Vulkan\Buffer</Filter>
    </ClCompile>
    <ClCompile Include="VulkanCore.cpp">
      <Filter>Source Files\Vulkan\Core</Filter>
    </ClCompile>
    <ClCompile Include="Initializers.cpp">
      <Filter>Source Files\Vulkan\Core</Filter>
    </ClCompile>
    <ClCompile Include="Utility.cpp">
      <Filter>Source Files\Vulkan\Core</Filter>
    </ClCompile>
    <ClCompile Include="ValidationLayers.cpp">
      <Filter>Source Files\Vulkan\Core</Filter>
    </ClCompile>
    <ClCompile Include="CubemapTexture.cpp">
      <Filter>Source Files\Vulkan\Texture</Filter>
    </ClCompile>
    <ClCompile Include="FrameBuffer.cpp">
      <Filter>Source Files\Vulkan\SwapChain</Filter>
    </ClCompile>
    <ClCompile Include="Device.cpp">
      <Filter>Source Files\Vulkan\Core</Filter>
    </ClCompile>
    <ClCompile Include="Texture.cpp">
      <Filter>Source Files\Vulkan\Texture</Filter>
    </ClCompile>
    <ClCompile Include="TextureSampler.cpp">
      <Filter>Source Files\Vulkan\Texture</Filter>
    </ClCompile>
    <ClCompile Include="DepthTexture.cpp">
      <Filter>Source Files\Vulkan\Texture</Filter>
    </ClCompile>
    <ClCompile Include="Shader.cpp">
      <Filter>Source Files\Vulkan\Shader</Filter>
    </ClCompile>
    <ClCompile Include="DescriptorSet.cpp">
      <Filter>Source Files\Vulkan\Descriptors</Filter>
    </ClCompile>
    <ClCompile Include="Timer.cpp">
      <Filter>Source Files</Filter>
    </ClCompile>
    <ClCompile Include="RayTracingRenderer.cpp">
      <Filter>Source Files</Filter>
    </ClCompile>
    <ClCompile Include="imgui\imgui.cpp">
      <Filter>imgui</Filter>
    </ClCompile>
    <ClCompile Include="imgui\imgui_demo.cpp">
      <Filter>imgui</Filter>
    </ClCompile>
    <ClCompile Include="imgui\imgui_draw.cpp">
      <Filter>imgui</Filter>
    </ClCompile>
    <ClCompile Include="imgui\imgui_tables.cpp">
      <Filter>imgui</Filter>
    </ClCompile>
    <ClCompile Include="imgui\imgui_widgets.cpp">
      <Filter>imgui</Filter>
    </ClCompile>
    <ClCompile Include="imgui\imgui_impl_glfw.cpp">
      <Filter>imgui</Filter>
    </ClCompile>
    <ClCompile Include="imgui\imgui_impl_vulkan.cpp">
      <Filter>imgui</Filter>
    </ClCompile>
    <ClCompile Include="Model.cpp">
      <Filter>Source Files</Filter>
    </ClCompile>
    <ClCompile Include="AccelerationStructure.cpp">
      <Filter>Source Files\Vulkan\RayTracing</Filter>
    </ClCompile>
  </ItemGroup>
  <ItemGroup>
    <ClInclude Include="Vertex.h">
      <Filter>Header Files</Filter>
    </ClInclude>
    <ClInclude Include="Camera.h">
      <Filter>Header Files</Filter>
    </ClInclude>
    <ClInclude Include="Transform.h">
      <Filter>Header Files</Filter>
    </ClInclude>
    <ClInclude Include="GameObject.h">
      <Filter>Header Files</Filter>
    </ClInclude>
    <ClInclude Include="Resources.h">
      <Filter>Header Files</Filter>
    </ClInclude>
    <ClInclude Include="ShadowMap.h">
      <Filter>Header Files</Filter>
    </ClInclude>
    <ClInclude Include="DebugLogger.h">
      <Filter>Header Files</Filter>
    </ClInclude>
    <ClInclude Include="Window.h">
      <Filter>Header Files</Filter>
    </ClInclude>
    <ClInclude Include="RasterRenderer.h">
      <Filter>Header Files</Filter>
    </ClInclude>
    <ClInclude Include="ImGUI_.h">
      <Filter>imgui</Filter>
    </ClInclude>
    <ClInclude Include="ImGUIWidgets.h">
      <Filter>imgui</Filter>
    </ClInclude>
    <ClInclude Include="DepthRenderPass.h">
      <Filter>Header Files\Vulkan\RenderPass</Filter>
    </ClInclude>
    <ClInclude Include="ColourRenderPass.h">
      <Filter>Header Files\Vulkan\RenderPass</Filter>
    </ClInclude>
    <ClInclude Include="RenderPass.h">
      <Filter>Header Files\Vulkan\RenderPass</Filter>
    </ClInclude>
    <ClInclude Include="HybridEngine.h">
      <Filter>Header Files</Filter>
    </ClInclude>
    <ClInclude Include="VulkanCore.h">
      <Filter>Header Files\Vulkan\Core</Filter>
    </ClInclude>
    <ClInclude Include="Device.h">
      <Filter>Header Files\Vulkan\Core</Filter>
    </ClInclude>
    <ClInclude Include="Utility.h">
      <Filter>Header Files\Vulkan\Core</Filter>
    </ClInclude>
    <ClInclude Include="Initilizers.h">
      <Filter>Header Files\Vulkan\Core</Filter>
    </ClInclude>
    <ClInclude Include="Constants.h">
      <Filter>Header Files\Vulkan\Core</Filter>
    </ClInclude>
    <ClInclude Include="DescriptorPool.h">
      <Filter>Header Files\Vulkan\Descriptors</Filter>
    </ClInclude>
    <ClInclude Include="DescriptorSetManager.h">
      <Filter>Header Files\Vulkan\Descriptors</Filter>
    </ClInclude>
    <ClInclude Include="DescriptorSetLayout.h">
      <Filter>Header Files\Vulkan\Descriptors</Filter>
    </ClInclude>
    <ClInclude Include="DepthTexture.h">
      <Filter>Header Files\Vulkan\Textures</Filter>
    </ClInclude>
    <ClInclude Include="CubemapTexture.h">
      <Filter>Header Files\Vulkan\Textures</Filter>
    </ClInclude>
    <ClInclude Include="TextureSampler.h">
      <Filter>Header Files\Vulkan\Textures</Filter>
    </ClInclude>
    <ClInclude Include="Pipeline.h">
      <Filter>Header Files\Vulkan\Pipeline</Filter>
    </ClInclude>
    <ClInclude Include="Texture.h">
      <Filter>Header Files\Vulkan\Textures</Filter>
    </ClInclude>
    <ClInclude Include="Allocator.h">
      <Filter>Header Files\Vulkan\Buffer</Filter>
    </ClInclude>
    <ClInclude Include="Buffer.h">
      <Filter>Header Files\Vulkan\Buffer</Filter>
    </ClInclude>
    <ClInclude Include="SwapChain.h">
      <Filter>Header Files\Vulkan\SwapChain</Filter>
    </ClInclude>
    <ClInclude Include="FrameBuffer.h">
      <Filter>Header Files\Vulkan\SwapChain</Filter>
    </ClInclude>
    <ClInclude Include="Mesh.h">
      <Filter>Header Files</Filter>
    </ClInclude>
    <ClInclude Include="ValidationLayers.h">
      <Filter>Header Files\Vulkan\Core</Filter>
    </ClInclude>
    <ClInclude Include="Shader.h">
      <Filter>Header Files\Vulkan\Shader</Filter>
    </ClInclude>
    <ClInclude Include="DescriptorSet.h">
      <Filter>Header Files\Vulkan\Descriptors</Filter>
    </ClInclude>
    <ClInclude Include="DescriptorPoolData.h">
      <Filter>Header Files\Vulkan\Descriptors</Filter>
    </ClInclude>
    <ClInclude Include="Descriptor.h">
      <Filter>Header Files</Filter>
    </ClInclude>
    <ClInclude Include="Timer.h">
      <Filter>Header Files</Filter>
    </ClInclude>
    <ClInclude Include="RayTracingRenderer.h">
      <Filter>Header Files</Filter>
    </ClInclude>
    <ClInclude Include="imgui\imconfig.h">
      <Filter>imgui</Filter>
    </ClInclude>
    <ClInclude Include="imgui\imgui.h">
      <Filter>imgui</Filter>
    </ClInclude>
    <ClInclude Include="imgui\imgui_internal.h">
      <Filter>imgui</Filter>
    </ClInclude>
    <ClInclude Include="imgui\imstb_rectpack.h">
      <Filter>imgui</Filter>
    </ClInclude>
    <ClInclude Include="imgui\imstb_textedit.h">
      <Filter>imgui</Filter>
    </ClInclude>
    <ClInclude Include="imgui\imstb_truetype.h">
      <Filter>imgui</Filter>
    </ClInclude>
    <ClInclude Include="imgui\imgui_impl_glfw.h">
      <Filter>imgui</Filter>
    </ClInclude>
    <ClInclude Include="imgui\imgui_impl_vulkan.h">
      <Filter>imgui</Filter>
    </ClInclude>
    <ClInclude Include="Model.h">
      <Filter>Header Files</Filter>
    </ClInclude>
    <ClInclude Include="Material.h">
      <Filter>Header Files</Filter>
    </ClInclude>
    <ClInclude Include="Frustum.hpp">
      <Filter>Header Files</Filter>
    </ClInclude>
    <ClInclude Include="AccelerationStructure.h">
      <Filter>Header Files\Vulkan\RayTracing</Filter>
    </ClInclude>
  </ItemGroup>
</Project>